
Microsoft Visual Studio Solution File, Format Version 12.00
# Visual Studio Version 17
VisualStudioVersion = 17.13.35806.99 d17.13
MinimumVisualStudioVersion = 10.0.40219.1
Project("{FAE04EC0-301F-11D3-BF4B-00C04F79EFBC}") = "Switch Statement", "Switch Statement.csproj", "{2359B9C3-FFE9-40CE-94DC-E9B111AE3657}"
EndProject
Global
	GlobalSection(SolutionConfigurationPlatforms) = preSolution
		Debug|Any CPU = Debug|Any CPU
		Release|Any CPU = Release|Any CPU
	EndGlobalSection
	GlobalSection(ProjectConfigurationPlatforms) = postSolution
		{2359B9C3-FFE9-40CE-94DC-E9B111AE3657}.Debug|Any CPU.ActiveCfg = Debug|Any CPU
		{2359B9C3-FFE9-40CE-94DC-E9B111AE3657}.Debug|Any CPU.Build.0 = Debug|Any CPU
		{2359B9C3-FFE9-40CE-94DC-E9B111AE3657}.Release|Any CPU.ActiveCfg = Release|Any CPU
		{2359B9C3-FFE9-40CE-94DC-E9B111AE3657}.Release|Any CPU.Build.0 = Release|Any CPU
	EndGlobalSection
	GlobalSection(SolutionProperties) = preSolution
		HideSolutionNode = FALSE
	EndGlobalSection
	GlobalSection(ExtensibilityGlobals) = postSolution
		SolutionGuid = {A72BBEAB-367B-4E56-98CB-BFEA98B81D4C}
	EndGlobalSection
EndGlobal
